
Microsoft Visual Studio Solution File, Format Version 12.00
# Visual Studio Version 17
VisualStudioVersion = 17.14.36121.58 d17.14
MinimumVisualStudioVersion = 10.0.40219.1
Project("{FAE04EC0-301F-11D3-BF4B-00C04F79EFBC}") = "HomeWork4", "HomeWork4\HomeWork4.csproj", "{68CB4AF9-CFC8-4803-AF31-3E2D8379D6D2}"
EndProject
Global
	GlobalSection(SolutionConfigurationPlatforms) = preSolution
		Debug|Any CPU = Debug|Any CPU
		Release|Any CPU = Release|Any CPU
	EndGlobalSection
	GlobalSection(ProjectConfigurationPlatforms) = postSolution
		{68CB4AF9-CFC8-4803-AF31-3E2D8379D6D2}.Debug|Any CPU.ActiveCfg = Debug|Any CPU
		{68CB4AF9-CFC8-4803-AF31-3E2D8379D6D2}.Debug|Any CPU.Build.0 = Debug|Any CPU
		{68CB4AF9-CFC8-4803-AF31-3E2D8379D6D2}.Release|Any CPU.ActiveCfg = Release|Any CPU
		{68CB4AF9-CFC8-4803-AF31-3E2D8379D6D2}.Release|Any CPU.Build.0 = Release|Any CPU
	EndGlobalSection
	GlobalSection(SolutionProperties) = preSolution
		HideSolutionNode = FALSE
	EndGlobalSection
	GlobalSection(ExtensibilityGlobals) = postSolution
		SolutionGuid = {D4AF4252-8CED-4B17-8A5D-08779690819C}
	EndGlobalSection
EndGlobal
